
Microsoft Visual Studio Solution File, Format Version 11.00
# Visual Studio 2010
Project("{FAE04EC0-301F-11D3-BF4B-00C04F79EFBC}") = "Assembly-CSharp", "Assembly-CSharp.csproj", "{A3CE0E74-17B8-1E22-6336-6912BA5F9D3F}"
EndProject
Project("{FAE04EC0-301F-11D3-BF4B-00C04F79EFBC}") = "Assembly-CSharp-firstpass", "Assembly-CSharp-firstpass.csproj", "{AC55230E-052A-54F7-B56A-9F3869519035}"
EndProject
Project("{FAE04EC0-301F-11D3-BF4B-00C04F79EFBC}") = "Assembly-CSharp-Editor-firstpass", "Assembly-CSharp-Editor-firstpass.csproj", "{8ACC38AE-423E-C272-885E-D6C99EAD0A2D}"
EndProject
Global
	GlobalSection(SolutionConfigurationPlatforms) = preSolution
		Debug|Any CPU = Debug|Any CPU
		Release|Any CPU = Release|Any CPU
	EndGlobalSection
	GlobalSection(ProjectConfigurationPlatforms) = postSolution
		{A3CE0E74-17B8-1E22-6336-6912BA5F9D3F}.Debug|Any CPU.ActiveCfg = Debug|Any CPU
		{A3CE0E74-17B8-1E22-6336-6912BA5F9D3F}.Debug|Any CPU.Build.0 = Debug|Any CPU
		{A3CE0E74-17B8-1E22-6336-6912BA5F9D3F}.Release|Any CPU.ActiveCfg = Release|Any CPU
		{A3CE0E74-17B8-1E22-6336-6912BA5F9D3F}.Release|Any CPU.Build.0 = Release|Any CPU
		{AC55230E-052A-54F7-B56A-9F3869519035}.Debug|Any CPU.ActiveCfg = Debug|Any CPU
		{AC55230E-052A-54F7-B56A-9F3869519035}.Debug|Any CPU.Build.0 = Debug|Any CPU
		{AC55230E-052A-54F7-B56A-9F3869519035}.Release|Any CPU.ActiveCfg = Release|Any CPU
		{AC55230E-052A-54F7-B56A-9F3869519035}.Release|Any CPU.Build.0 = Release|Any CPU
		{8ACC38AE-423E-C272-885E-D6C99EAD0A2D}.Debug|Any CPU.ActiveCfg = Debug|Any CPU
		{8ACC38AE-423E-C272-885E-D6C99EAD0A2D}.Debug|Any CPU.Build.0 = Debug|Any CPU
		{8ACC38AE-423E-C272-885E-D6C99EAD0A2D}.Release|Any CPU.ActiveCfg = Release|Any CPU
		{8ACC38AE-423E-C272-885E-D6C99EAD0A2D}.Release|Any CPU.Build.0 = Release|Any CPU
	EndGlobalSection
	GlobalSection(SolutionProperties) = preSolution
		HideSolutionNode = FALSE
	EndGlobalSection
	GlobalSection(MonoDevelopProperties) = preSolution
		StartupItem = Assembly-CSharp.csproj
	EndGlobalSection
EndGlobal
